
Microsoft Visual Studio Solution File, Format Version 12.00
# Visual Studio Version 16
VisualStudioVersion = 16.0.30711.63
MinimumVisualStudioVersion = 10.0.40219.1
Project("{FAE04EC0-301F-11D3-BF4B-00C04F79EFBC}") = "XPosedAPI", "XPosedAPI\XPosedAPI.csproj", "{377DC40F-773A-42AA-853F-AFC9F325681C}"
EndProject
Project("{9A19103F-16F7-4668-BE54-9A1E7A4F7556}") = "JavaCodePostProcessor", "JavaCodePostProcessor\JavaCodePostProcessor.csproj", "{9AD09DF6-F133-4210-B4A1-0FEBCF8537FE}"
EndProject
Project("{FAE04EC0-301F-11D3-BF4B-00C04F79EFBC}") = "XamarinPosed", "XamarinPosed\XamarinPosed.csproj", "{8406AD08-972D-4D0C-8369-69D9D94CD782}"
	ProjectSection(ProjectDependencies) = postProject
		{9AD09DF6-F133-4210-B4A1-0FEBCF8537FE} = {9AD09DF6-F133-4210-B4A1-0FEBCF8537FE}
	EndProjectSection
EndProject
Project("{FAE04EC0-301F-11D3-BF4B-00C04F79EFBC}") = "Xamarin.Posed.Demo", "Xamarin.Posed.Demo\Xamarin.Posed.Demo.csproj", "{2C0F056B-77B6-4135-9637-06CE89355226}"
EndProject
Project("{2150E333-8FDC-42A3-9474-1A3956D46DE8}") = "Solution Items", "Solution Items", "{F6CCFE68-4609-44AB-930E-7D5B4C27D5CC}"
	ProjectSection(SolutionItems) = preProject
		java\UlyssesFullLoader.java = java\UlyssesFullLoader.java
		java\UlyssesLoader.java = java\UlyssesLoader.java
	EndProjectSection
EndProject
Global
	GlobalSection(SolutionConfigurationPlatforms) = preSolution
		Debug|Any CPU = Debug|Any CPU
		Release|Any CPU = Release|Any CPU
	EndGlobalSection
	GlobalSection(ProjectConfigurationPlatforms) = postSolution
		{377DC40F-773A-42AA-853F-AFC9F325681C}.Debug|Any CPU.ActiveCfg = Debug|Any CPU
		{377DC40F-773A-42AA-853F-AFC9F325681C}.Debug|Any CPU.Build.0 = Debug|Any CPU
		{377DC40F-773A-42AA-853F-AFC9F325681C}.Release|Any CPU.ActiveCfg = Release|Any CPU
		{377DC40F-773A-42AA-853F-AFC9F325681C}.Release|Any CPU.Build.0 = Release|Any CPU
		{9AD09DF6-F133-4210-B4A1-0FEBCF8537FE}.Debug|Any CPU.ActiveCfg = Debug|Any CPU
		{9AD09DF6-F133-4210-B4A1-0FEBCF8537FE}.Debug|Any CPU.Build.0 = Debug|Any CPU
		{9AD09DF6-F133-4210-B4A1-0FEBCF8537FE}.Release|Any CPU.ActiveCfg = Release|Any CPU
		{9AD09DF6-F133-4210-B4A1-0FEBCF8537FE}.Release|Any CPU.Build.0 = Release|Any CPU
		{8406AD08-972D-4D0C-8369-69D9D94CD782}.Debug|Any CPU.ActiveCfg = Debug|Any CPU
		{8406AD08-972D-4D0C-8369-69D9D94CD782}.Debug|Any CPU.Build.0 = Debug|Any CPU
		{8406AD08-972D-4D0C-8369-69D9D94CD782}.Debug|Any CPU.Deploy.0 = Debug|Any CPU
		{8406AD08-972D-4D0C-8369-69D9D94CD782}.Release|Any CPU.ActiveCfg = Release|Any CPU
		{8406AD08-972D-4D0C-8369-69D9D94CD782}.Release|Any CPU.Build.0 = Release|Any CPU
		{8406AD08-972D-4D0C-8369-69D9D94CD782}.Release|Any CPU.Deploy.0 = Release|Any CPU
		{2C0F056B-77B6-4135-9637-06CE89355226}.Debug|Any CPU.ActiveCfg = Debug|Any CPU
		{2C0F056B-77B6-4135-9637-06CE89355226}.Debug|Any CPU.Build.0 = Debug|Any CPU
		{2C0F056B-77B6-4135-9637-06CE89355226}.Debug|Any CPU.Deploy.0 = Debug|Any CPU
		{2C0F056B-77B6-4135-9637-06CE89355226}.Release|Any CPU.ActiveCfg = Release|Any CPU
		{2C0F056B-77B6-4135-9637-06CE89355226}.Release|Any CPU.Build.0 = Release|Any CPU
		{2C0F056B-77B6-4135-9637-06CE89355226}.Release|Any CPU.Deploy.0 = Release|Any CPU
	EndGlobalSection
	GlobalSection(SolutionProperties) = preSolution
		HideSolutionNode = FALSE
	EndGlobalSection
	GlobalSection(ExtensibilityGlobals) = postSolution
		SolutionGuid = {EDBC6E41-6CC4-4356-B2B7-ACFC09C42BDD}
	EndGlobalSection
EndGlobal
